// !$*UTF8*$!
{
	archiveVersion = 1;
	classes = {
	};
	objectVersion = 51;
	objects = {

/* Begin PBXBuildFile section */
		5236200824324D4E002AA33D /* AppDelegate.swift in Sources */ = {isa = PBXBuildFile; fileRef = 5236200724324D4E002AA33D /* AppDelegate.swift */; };
		5236201124324D4E002AA33D /* Assets.xcassets in Resources */ = {isa = PBXBuildFile; fileRef = 5236201024324D4E002AA33D /* Assets.xcassets */; };
		5236202524325243002AA33D /* AppFlowController.swift in Sources */ = {isa = PBXBuildFile; fileRef = 5236202424325243002AA33D /* AppFlowController.swift */; };
		5236202A24326ED4002AA33D /* Builder.swift in Sources */ = {isa = PBXBuildFile; fileRef = 5236202924326ED4002AA33D /* Builder.swift */; };
		5236202C2432702D002AA33D /* CampsViewController.swift in Sources */ = {isa = PBXBuildFile; fileRef = 5236202B2432702D002AA33D /* CampsViewController.swift */; };
		5236202E24327046002AA33D /* CampsFlowController.swift in Sources */ = {isa = PBXBuildFile; fileRef = 5236202D24327046002AA33D /* CampsFlowController.swift */; };
		5236203024327062002AA33D /* CampsViewModel.swift in Sources */ = {isa = PBXBuildFile; fileRef = 5236202F24327062002AA33D /* CampsViewModel.swift */; };
		5236203224327071002AA33D /* CampsBuilder.swift in Sources */ = {isa = PBXBuildFile; fileRef = 5236203124327071002AA33D /* CampsBuilder.swift */; };
		52F7B7A7243CDCC20067A980 /* BaseViewController.swift in Sources */ = {isa = PBXBuildFile; fileRef = 52F7B7A6243CDCC20067A980 /* BaseViewController.swift */; };
		52F7B7AA243DE3DA0067A980 /* Networking.swift in Sources */ = {isa = PBXBuildFile; fileRef = 52F7B7A9243DE3DA0067A980 /* Networking.swift */; };
		52F7B7AC243DE3FC0067A980 /* Resource.swift in Sources */ = {isa = PBXBuildFile; fileRef = 52F7B7AB243DE3FC0067A980 /* Resource.swift */; };
		52F7B7AE243DE41D0067A980 /* CustomDecoder.swift in Sources */ = {isa = PBXBuildFile; fileRef = 52F7B7AD243DE41D0067A980 /* CustomDecoder.swift */; };
		52F7B7B0243DE4630067A980 /* Endpoint.swift in Sources */ = {isa = PBXBuildFile; fileRef = 52F7B7AF243DE4630067A980 /* Endpoint.swift */; };
		52F7B7B2243DE6550067A980 /* Environment.swift in Sources */ = {isa = PBXBuildFile; fileRef = 52F7B7B1243DE6550067A980 /* Environment.swift */; };
		52F7B7B5243DE6950067A980 /* Bundle+Plist.swift in Sources */ = {isa = PBXBuildFile; fileRef = 52F7B7B4243DE6950067A980 /* Bundle+Plist.swift */; };
		52F7B7B8243DE79C0067A980 /* URLRequest.swift in Sources */ = {isa = PBXBuildFile; fileRef = 52F7B7B7243DE79C0067A980 /* URLRequest.swift */; };
		52F7B7BA243DE7C80067A980 /* URL.swift in Sources */ = {isa = PBXBuildFile; fileRef = 52F7B7B9243DE7C80067A980 /* URL.swift */; };
		52F7B7BF243DE9F40067A980 /* Keychain.swift in Sources */ = {isa = PBXBuildFile; fileRef = 52F7B7BE243DE9F40067A980 /* Keychain.swift */; };
		52F7B7C1243DEA410067A980 /* Keychain+Rx.swift in Sources */ = {isa = PBXBuildFile; fileRef = 52F7B7C0243DEA410067A980 /* Keychain+Rx.swift */; };
		52F7B7C4243DEA8A0067A980 /* Compose.swift in Sources */ = {isa = PBXBuildFile; fileRef = 52F7B7C3243DEA8A0067A980 /* Compose.swift */; };
		52F7B7C6243DEAA70067A980 /* ForwardPipe.swift in Sources */ = {isa = PBXBuildFile; fileRef = 52F7B7C5243DEAA70067A980 /* ForwardPipe.swift */; };
		52F7B7C8243DEAC70067A980 /* Swift+FunctionalOperators.swift in Sources */ = {isa = PBXBuildFile; fileRef = 52F7B7C7243DEAC70067A980 /* Swift+FunctionalOperators.swift */; };
		52F7B7CA243DEAD90067A980 /* TypeCompose.swift in Sources */ = {isa = PBXBuildFile; fileRef = 52F7B7C9243DEAD90067A980 /* TypeCompose.swift */; };
		52F7B7CD243DED480067A980 /* Log.swift in Sources */ = {isa = PBXBuildFile; fileRef = 52F7B7CC243DED480067A980 /* Log.swift */; };
		52F7B7D0243DEE220067A980 /* AppError.swift in Sources */ = {isa = PBXBuildFile; fileRef = 52F7B7CF243DEE220067A980 /* AppError.swift */; };
		52F7B7D3243DFBC30067A980 /* World.swift in Sources */ = {isa = PBXBuildFile; fileRef = 52F7B7D2243DFBC30067A980 /* World.swift */; };
		52F7B7D5243DFD070067A980 /* NetworkingError.swift in Sources */ = {isa = PBXBuildFile; fileRef = 52F7B7D4243DFD070067A980 /* NetworkingError.swift */; };
		52F7B7D8243DFE020067A980 /* CampsDataSource.swift in Sources */ = {isa = PBXBuildFile; fileRef = 52F7B7D7243DFE020067A980 /* CampsDataSource.swift */; };
		52F7B7DC243DFF130067A980 /* Camp.swift in Sources */ = {isa = PBXBuildFile; fileRef = 52F7B7DB243DFF130067A980 /* Camp.swift */; };
		52F7B7E0243E00C70067A980 /* View.swift in Sources */ = {isa = PBXBuildFile; fileRef = 52F7B7DF243E00C70067A980 /* View.swift */; };
		52F7B7E3243E062F0067A980 /* UIViewController+Flow.swift in Sources */ = {isa = PBXBuildFile; fileRef = 52F7B7E2243E062F0067A980 /* UIViewController+Flow.swift */; };
		52F7B7E5243E06530067A980 /* UINavigationController+Flow.swift in Sources */ = {isa = PBXBuildFile; fileRef = 52F7B7E4243E06530067A980 /* UINavigationController+Flow.swift */; };
		52F7B7E7243E066C0067A980 /* Flow.swift in Sources */ = {isa = PBXBuildFile; fileRef = 52F7B7E6243E066C0067A980 /* Flow.swift */; };
		52F7B7F1243E276A0067A980 /* LaunchScreen.xib in Resources */ = {isa = PBXBuildFile; fileRef = 52F7B7F0243E276A0067A980 /* LaunchScreen.xib */; };
		52F7B7F3243E2BCE0067A980 /* UISceenDelegate.swift in Sources */ = {isa = PBXBuildFile; fileRef = 52F7B7F2243E2BCE0067A980 /* UISceenDelegate.swift */; };
		5AF121EC246FD84501D1ABF7 /* Pods_TravelWise.framework in Frameworks */ = {isa = PBXBuildFile; fileRef = 8C744F7993181FF8EDCE13D8 /* Pods_TravelWise.framework */; };
/* End PBXBuildFile section */

/* Begin PBXFileReference section */
		33DE50194469471210D1E245 /* Pods-TravelWise.debug.xcconfig */ = {isa = PBXFileReference; includeInIndex = 1; lastKnownFileType = text.xcconfig; name = "Pods-TravelWise.debug.xcconfig"; path = "Target Support Files/Pods-TravelWise/Pods-TravelWise.debug.xcconfig"; sourceTree = "<group>"; };
		4F24BE1CC639E6ACBF1E8DAD /* Pods-TravelWise.release.xcconfig */ = {isa = PBXFileReference; includeInIndex = 1; lastKnownFileType = text.xcconfig; name = "Pods-TravelWise.release.xcconfig"; path = "Target Support Files/Pods-TravelWise/Pods-TravelWise.release.xcconfig"; sourceTree = "<group>"; };
		5236200424324D4E002AA33D /* TravelWise.app */ = {isa = PBXFileReference; explicitFileType = wrapper.application; includeInIndex = 0; path = TravelWise.app; sourceTree = BUILT_PRODUCTS_DIR; };
		5236200724324D4E002AA33D /* AppDelegate.swift */ = {isa = PBXFileReference; lastKnownFileType = sourcecode.swift; path = AppDelegate.swift; sourceTree = "<group>"; };
		5236201024324D4E002AA33D /* Assets.xcassets */ = {isa = PBXFileReference; lastKnownFileType = folder.assetcatalog; path = Assets.xcassets; sourceTree = "<group>"; };
		5236201524324D4E002AA33D /* Info.plist */ = {isa = PBXFileReference; lastKnownFileType = text.plist.xml; path = Info.plist; sourceTree = "<group>"; };
		5236202424325243002AA33D /* AppFlowController.swift */ = {isa = PBXFileReference; lastKnownFileType = sourcecode.swift; path = AppFlowController.swift; sourceTree = "<group>"; };
		5236202924326ED4002AA33D /* Builder.swift */ = {isa = PBXFileReference; lastKnownFileType = sourcecode.swift; path = Builder.swift; sourceTree = "<group>"; };
		5236202B2432702D002AA33D /* CampsViewController.swift */ = {isa = PBXFileReference; lastKnownFileType = sourcecode.swift; path = CampsViewController.swift; sourceTree = "<group>"; };
		5236202D24327046002AA33D /* CampsFlowController.swift */ = {isa = PBXFileReference; lastKnownFileType = sourcecode.swift; path = CampsFlowController.swift; sourceTree = "<group>"; };
		5236202F24327062002AA33D /* CampsViewModel.swift */ = {isa = PBXFileReference; lastKnownFileType = sourcecode.swift; path = CampsViewModel.swift; sourceTree = "<group>"; };
		5236203124327071002AA33D /* CampsBuilder.swift */ = {isa = PBXFileReference; lastKnownFileType = sourcecode.swift; path = CampsBuilder.swift; sourceTree = "<group>"; };
		52F7B7A6243CDCC20067A980 /* BaseViewController.swift */ = {isa = PBXFileReference; lastKnownFileType = sourcecode.swift; path = BaseViewController.swift; sourceTree = "<group>"; };
		52F7B7A9243DE3DA0067A980 /* Networking.swift */ = {isa = PBXFileReference; lastKnownFileType = sourcecode.swift; path = Networking.swift; sourceTree = "<group>"; };
		52F7B7AB243DE3FC0067A980 /* Resource.swift */ = {isa = PBXFileReference; lastKnownFileType = sourcecode.swift; path = Resource.swift; sourceTree = "<group>"; };
		52F7B7AD243DE41D0067A980 /* CustomDecoder.swift */ = {isa = PBXFileReference; lastKnownFileType = sourcecode.swift; path = CustomDecoder.swift; sourceTree = "<group>"; };
		52F7B7AF243DE4630067A980 /* Endpoint.swift */ = {isa = PBXFileReference; lastKnownFileType = sourcecode.swift; path = Endpoint.swift; sourceTree = "<group>"; };
		52F7B7B1243DE6550067A980 /* Environment.swift */ = {isa = PBXFileReference; lastKnownFileType = sourcecode.swift; path = Environment.swift; sourceTree = "<group>"; };
		52F7B7B4243DE6950067A980 /* Bundle+Plist.swift */ = {isa = PBXFileReference; lastKnownFileType = sourcecode.swift; path = "Bundle+Plist.swift"; sourceTree = "<group>"; };
		52F7B7B7243DE79C0067A980 /* URLRequest.swift */ = {isa = PBXFileReference; lastKnownFileType = sourcecode.swift; path = URLRequest.swift; sourceTree = "<group>"; };
		52F7B7B9243DE7C80067A980 /* URL.swift */ = {isa = PBXFileReference; lastKnownFileType = sourcecode.swift; path = URL.swift; sourceTree = "<group>"; };
		52F7B7BE243DE9F40067A980 /* Keychain.swift */ = {isa = PBXFileReference; lastKnownFileType = sourcecode.swift; path = Keychain.swift; sourceTree = "<group>"; };
		52F7B7C0243DEA410067A980 /* Keychain+Rx.swift */ = {isa = PBXFileReference; lastKnownFileType = sourcecode.swift; path = "Keychain+Rx.swift"; sourceTree = "<group>"; };
		52F7B7C3243DEA8A0067A980 /* Compose.swift */ = {isa = PBXFileReference; lastKnownFileType = sourcecode.swift; path = Compose.swift; sourceTree = "<group>"; };
		52F7B7C5243DEAA70067A980 /* ForwardPipe.swift */ = {isa = PBXFileReference; lastKnownFileType = sourcecode.swift; path = ForwardPipe.swift; sourceTree = "<group>"; };
		52F7B7C7243DEAC70067A980 /* Swift+FunctionalOperators.swift */ = {isa = PBXFileReference; lastKnownFileType = sourcecode.swift; path = "Swift+FunctionalOperators.swift"; sourceTree = "<group>"; };
		52F7B7C9243DEAD90067A980 /* TypeCompose.swift */ = {isa = PBXFileReference; lastKnownFileType = sourcecode.swift; path = TypeCompose.swift; sourceTree = "<group>"; };
		52F7B7CC243DED480067A980 /* Log.swift */ = {isa = PBXFileReference; lastKnownFileType = sourcecode.swift; path = Log.swift; sourceTree = "<group>"; };
		52F7B7CF243DEE220067A980 /* AppError.swift */ = {isa = PBXFileReference; lastKnownFileType = sourcecode.swift; path = AppError.swift; sourceTree = "<group>"; };
		52F7B7D2243DFBC30067A980 /* World.swift */ = {isa = PBXFileReference; lastKnownFileType = sourcecode.swift; path = World.swift; sourceTree = "<group>"; };
		52F7B7D4243DFD070067A980 /* NetworkingError.swift */ = {isa = PBXFileReference; lastKnownFileType = sourcecode.swift; path = NetworkingError.swift; sourceTree = "<group>"; };
		52F7B7D7243DFE020067A980 /* CampsDataSource.swift */ = {isa = PBXFileReference; lastKnownFileType = sourcecode.swift; path = CampsDataSource.swift; sourceTree = "<group>"; };
		52F7B7DB243DFF130067A980 /* Camp.swift */ = {isa = PBXFileReference; lastKnownFileType = sourcecode.swift; path = Camp.swift; sourceTree = "<group>"; };
		52F7B7DF243E00C70067A980 /* View.swift */ = {isa = PBXFileReference; lastKnownFileType = sourcecode.swift; path = View.swift; sourceTree = "<group>"; };
		52F7B7E2243E062F0067A980 /* UIViewController+Flow.swift */ = {isa = PBXFileReference; lastKnownFileType = sourcecode.swift; path = "UIViewController+Flow.swift"; sourceTree = "<group>"; };
		52F7B7E4243E06530067A980 /* UINavigationController+Flow.swift */ = {isa = PBXFileReference; lastKnownFileType = sourcecode.swift; path = "UINavigationController+Flow.swift"; sourceTree = "<group>"; };
		52F7B7E6243E066C0067A980 /* Flow.swift */ = {isa = PBXFileReference; lastKnownFileType = sourcecode.swift; path = Flow.swift; sourceTree = "<group>"; };
		52F7B7F0243E276A0067A980 /* LaunchScreen.xib */ = {isa = PBXFileReference; lastKnownFileType = file.xib; path = LaunchScreen.xib; sourceTree = "<group>"; };
		52F7B7F2243E2BCE0067A980 /* UISceenDelegate.swift */ = {isa = PBXFileReference; lastKnownFileType = sourcecode.swift; path = UISceenDelegate.swift; sourceTree = "<group>"; };
		8C744F7993181FF8EDCE13D8 /* Pods_TravelWise.framework */ = {isa = PBXFileReference; explicitFileType = wrapper.framework; includeInIndex = 0; path = Pods_TravelWise.framework; sourceTree = BUILT_PRODUCTS_DIR; };
/* End PBXFileReference section */

/* Begin PBXFrameworksBuildPhase section */
		5236200124324D4E002AA33D /* Frameworks */ = {
			isa = PBXFrameworksBuildPhase;
			buildActionMask = 2147483647;
			files = (
				5AF121EC246FD84501D1ABF7 /* Pods_TravelWise.framework in Frameworks */,
			);
			runOnlyForDeploymentPostprocessing = 0;
		};
/* End PBXFrameworksBuildPhase section */

/* Begin PBXGroup section */
		20FE434AD3BEFA8870071998 /* Frameworks */ = {
			isa = PBXGroup;
			children = (
				8C744F7993181FF8EDCE13D8 /* Pods_TravelWise.framework */,
			);
			name = Frameworks;
			sourceTree = "<group>";
		};
		307EC59AF65AB4D81D67004F /* Pods */ = {
			isa = PBXGroup;
			children = (
				33DE50194469471210D1E245 /* Pods-TravelWise.debug.xcconfig */,
				4F24BE1CC639E6ACBF1E8DAD /* Pods-TravelWise.release.xcconfig */,
			);
			path = Pods;
			sourceTree = "<group>";
		};
		52361FFB24324D4D002AA33D = {
			isa = PBXGroup;
			children = (
				5236200624324D4E002AA33D /* TravelWise */,
				5236200524324D4E002AA33D /* Products */,
				307EC59AF65AB4D81D67004F /* Pods */,
				20FE434AD3BEFA8870071998 /* Frameworks */,
			);
			sourceTree = "<group>";
		};
		5236200524324D4E002AA33D /* Products */ = {
			isa = PBXGroup;
			children = (
				5236200424324D4E002AA33D /* TravelWise.app */,
			);
			name = Products;
			sourceTree = "<group>";
		};
		5236200624324D4E002AA33D /* TravelWise */ = {
			isa = PBXGroup;
			children = (
				52F7B7D9243DFE720067A980 /* Entity */,
				52F7B7D6243DFDE00067A980 /* DataSources */,
				5236202224325227002AA33D /* Shared */,
				5236201D24324E40002AA33D /* Features */,
				52F7B7A8243DE3C60067A980 /* Networking */,
				5236201C24324E1B002AA33D /* Resources */,
				52F7B7B3243DE6790067A980 /* Extension */,
				5236201B24324E00002AA33D /* SupportingFiles */,
			);
			path = TravelWise;
			sourceTree = "<group>";
		};
		5236201B24324E00002AA33D /* SupportingFiles */ = {
			isa = PBXGroup;
			children = (
				5236200724324D4E002AA33D /* AppDelegate.swift */,
				5236201524324D4E002AA33D /* Info.plist */,
				52F7B7F2243E2BCE0067A980 /* UISceenDelegate.swift */,
			);
			path = SupportingFiles;
			sourceTree = "<group>";
		};
		5236201C24324E1B002AA33D /* Resources */ = {
			isa = PBXGroup;
			children = (
				5236201024324D4E002AA33D /* Assets.xcassets */,
			);
			path = Resources;
			sourceTree = "<group>";
		};
		5236201D24324E40002AA33D /* Features */ = {
			isa = PBXGroup;
			children = (
				52F7B7E8243E27020067A980 /* LaunchScreen */,
				5236201E24324E65002AA33D /* Camps */,
				5236201F24324E6B002AA33D /* CampDetails */,
			);
			path = Features;
			sourceTree = "<group>";
		};
		5236201E24324E65002AA33D /* Camps */ = {
			isa = PBXGroup;
			children = (
				5236202724326DFA002AA33D /* FlowController */,
				5236202024324EC4002AA33D /* ViewController */,
				5236202124324ECC002AA33D /* ViewModel */,
				5236202624326DEF002AA33D /* Builder */,
			);
			path = Camps;
			sourceTree = "<group>";
		};
		5236201F24324E6B002AA33D /* CampDetails */ = {
			isa = PBXGroup;
			children = (
			);
			path = CampDetails;
			sourceTree = "<group>";
		};
		5236202024324EC4002AA33D /* ViewController */ = {
			isa = PBXGroup;
			children = (
				5236202B2432702D002AA33D /* CampsViewController.swift */,
			);
			path = ViewController;
			sourceTree = "<group>";
		};
		5236202124324ECC002AA33D /* ViewModel */ = {
			isa = PBXGroup;
			children = (
				5236202F24327062002AA33D /* CampsViewModel.swift */,
			);
			path = ViewModel;
			sourceTree = "<group>";
		};
		5236202224325227002AA33D /* Shared */ = {
			isa = PBXGroup;
			children = (
				52F7B7DD243E00A00067A980 /* UI */,
				52F7B7D1243DFBB80067A980 /* World */,
				52F7B7CE243DEE140067A980 /* Error */,
				52F7B7BB243DE9AD0067A980 /* Utilities */,
				52F7B7A5243CDC8B0067A980 /* Base */,
			);
			path = Shared;
			sourceTree = "<group>";
		};
		5236202324325230002AA33D /* FlowController */ = {
			isa = PBXGroup;
			children = (
				5236202424325243002AA33D /* AppFlowController.swift */,
				52F7B7E6243E066C0067A980 /* Flow.swift */,
			);
			path = FlowController;
			sourceTree = "<group>";
		};
		5236202624326DEF002AA33D /* Builder */ = {
			isa = PBXGroup;
			children = (
				5236203124327071002AA33D /* CampsBuilder.swift */,
			);
			path = Builder;
			sourceTree = "<group>";
		};
		5236202724326DFA002AA33D /* FlowController */ = {
			isa = PBXGroup;
			children = (
				5236202D24327046002AA33D /* CampsFlowController.swift */,
			);
			path = FlowController;
			sourceTree = "<group>";
		};
		5236202824326EB6002AA33D /* Builder */ = {
			isa = PBXGroup;
			children = (
				5236202924326ED4002AA33D /* Builder.swift */,
			);
			path = Builder;
			sourceTree = "<group>";
		};
		52F7B7A5243CDC8B0067A980 /* Base */ = {
			isa = PBXGroup;
			children = (
				52F7B7A6243CDCC20067A980 /* BaseViewController.swift */,
			);
			path = Base;
			sourceTree = "<group>";
		};
		52F7B7A8243DE3C60067A980 /* Networking */ = {
			isa = PBXGroup;
			children = (
				52F7B7A9243DE3DA0067A980 /* Networking.swift */,
				52F7B7AB243DE3FC0067A980 /* Resource.swift */,
				52F7B7AD243DE41D0067A980 /* CustomDecoder.swift */,
				52F7B7AF243DE4630067A980 /* Endpoint.swift */,
				52F7B7B1243DE6550067A980 /* Environment.swift */,
			);
			path = Networking;
			sourceTree = "<group>";
		};
		52F7B7B3243DE6790067A980 /* Extension */ = {
			isa = PBXGroup;
			children = (
				52F7B7E1243E060E0067A980 /* UIViewController */,
				52F7B7B6243DE77F0067A980 /* URL */,
				52F7B7B4243DE6950067A980 /* Bundle+Plist.swift */,
			);
			path = Extension;
			sourceTree = "<group>";
		};
		52F7B7B6243DE77F0067A980 /* URL */ = {
			isa = PBXGroup;
			children = (
				52F7B7B7243DE79C0067A980 /* URLRequest.swift */,
				52F7B7B9243DE7C80067A980 /* URL.swift */,
			);
			path = URL;
			sourceTree = "<group>";
		};
		52F7B7BB243DE9AD0067A980 /* Utilities */ = {
			isa = PBXGroup;
			children = (
				5236202324325230002AA33D /* FlowController */,
				5236202824326EB6002AA33D /* Builder */,
				52F7B7CB243DED3C0067A980 /* Log */,
				52F7B7C2243DEA760067A980 /* Functional */,
				52F7B7BC243DE9D00067A980 /* Keychain */,
			);
			path = Utilities;
			sourceTree = "<group>";
		};
		52F7B7BC243DE9D00067A980 /* Keychain */ = {
			isa = PBXGroup;
			children = (
				52F7B7BE243DE9F40067A980 /* Keychain.swift */,
				52F7B7C0243DEA410067A980 /* Keychain+Rx.swift */,
			);
			path = Keychain;
			sourceTree = "<group>";
		};
		52F7B7C2243DEA760067A980 /* Functional */ = {
			isa = PBXGroup;
			children = (
				52F7B7C3243DEA8A0067A980 /* Compose.swift */,
				52F7B7C5243DEAA70067A980 /* ForwardPipe.swift */,
				52F7B7C7243DEAC70067A980 /* Swift+FunctionalOperators.swift */,
				52F7B7C9243DEAD90067A980 /* TypeCompose.swift */,
			);
			path = Functional;
			sourceTree = "<group>";
		};
		52F7B7CB243DED3C0067A980 /* Log */ = {
			isa = PBXGroup;
			children = (
				52F7B7CC243DED480067A980 /* Log.swift */,
			);
			path = Log;
			sourceTree = "<group>";
		};
		52F7B7CE243DEE140067A980 /* Error */ = {
			isa = PBXGroup;
			children = (
				52F7B7CF243DEE220067A980 /* AppError.swift */,
				52F7B7D4243DFD070067A980 /* NetworkingError.swift */,
			);
			path = Error;
			sourceTree = "<group>";
		};
		52F7B7D1243DFBB80067A980 /* World */ = {
			isa = PBXGroup;
			children = (
				52F7B7D2243DFBC30067A980 /* World.swift */,
			);
			path = World;
			sourceTree = "<group>";
		};
		52F7B7D6243DFDE00067A980 /* DataSources */ = {
			isa = PBXGroup;
			children = (
				52F7B7D7243DFE020067A980 /* CampsDataSource.swift */,
			);
			path = DataSources;
			sourceTree = "<group>";
		};
		52F7B7D9243DFE720067A980 /* Entity */ = {
			isa = PBXGroup;
			children = (
				52F7B7DA243DFF050067A980 /* Camp */,
			);
			path = Entity;
			sourceTree = "<group>";
		};
		52F7B7DA243DFF050067A980 /* Camp */ = {
			isa = PBXGroup;
			children = (
				52F7B7DB243DFF130067A980 /* Camp.swift */,
			);
			path = Camp;
			sourceTree = "<group>";
		};
		52F7B7DD243E00A00067A980 /* UI */ = {
			isa = PBXGroup;
			children = (
				52F7B7DE243E00B40067A980 /* Style */,
			);
			path = UI;
			sourceTree = "<group>";
		};
		52F7B7DE243E00B40067A980 /* Style */ = {
			isa = PBXGroup;
			children = (
				52F7B7DF243E00C70067A980 /* View.swift */,
			);
			path = Style;
			sourceTree = "<group>";
		};
		52F7B7E1243E060E0067A980 /* UIViewController */ = {
			isa = PBXGroup;
			children = (
				52F7B7E2243E062F0067A980 /* UIViewController+Flow.swift */,
				52F7B7E4243E06530067A980 /* UINavigationController+Flow.swift */,
			);
			path = UIViewController;
			sourceTree = "<group>";
		};
		52F7B7E8243E27020067A980 /* LaunchScreen */ = {
			isa = PBXGroup;
			children = (
				52F7B7ED243E27380067A980 /* View */,
				52F7B7EC243E27320067A980 /* ViewModel */,
				52F7B7EB243E272A0067A980 /* ViewController */,
				52F7B7EA243E27220067A980 /* FlowController */,
				52F7B7E9243E271D0067A980 /* Builder */,
			);
			path = LaunchScreen;
			sourceTree = "<group>";
		};
		52F7B7E9243E271D0067A980 /* Builder */ = {
			isa = PBXGroup;
			children = (
			);
			path = Builder;
			sourceTree = "<group>";
		};
		52F7B7EA243E27220067A980 /* FlowController */ = {
			isa = PBXGroup;
			children = (
			);
			path = FlowController;
			sourceTree = "<group>";
		};
		52F7B7EB243E272A0067A980 /* ViewController */ = {
			isa = PBXGroup;
			children = (
			);
			path = ViewController;
			sourceTree = "<group>";
		};
		52F7B7EC243E27320067A980 /* ViewModel */ = {
			isa = PBXGroup;
			children = (
			);
			path = ViewModel;
			sourceTree = "<group>";
		};
		52F7B7ED243E27380067A980 /* View */ = {
			isa = PBXGroup;
			children = (
				52F7B7F0243E276A0067A980 /* LaunchScreen.xib */,
			);
			path = View;
			sourceTree = "<group>";
		};
/* End PBXGroup section */

/* Begin PBXNativeTarget section */
		5236200324324D4E002AA33D /* TravelWise */ = {
			isa = PBXNativeTarget;
			buildConfigurationList = 5236201824324D4E002AA33D /* Build configuration list for PBXNativeTarget "TravelWise" */;
			buildPhases = (
				06AD2CE06701BB98C28EADF1 /* [CP] Check Pods Manifest.lock */,
				5236200024324D4E002AA33D /* Sources */,
				5236200124324D4E002AA33D /* Frameworks */,
				5236200224324D4E002AA33D /* Resources */,
				7B29D4BFFF9EDCCE7C9AD224 /* [CP] Embed Pods Frameworks */,
			);
			buildRules = (
			);
			dependencies = (
			);
			name = TravelWise;
			productName = TravelWise;
			productReference = 5236200424324D4E002AA33D /* TravelWise.app */;
			productType = "com.apple.product-type.application";
		};
/* End PBXNativeTarget section */

/* Begin PBXProject section */
		52361FFC24324D4D002AA33D /* Project object */ = {
			isa = PBXProject;
			attributes = {
				LastSwiftUpdateCheck = 1100;
				LastUpgradeCheck = 1100;
				ORGANIZATIONNAME = "Szymon Wereszczynski";
				TargetAttributes = {
					5236200324324D4E002AA33D = {
						CreatedOnToolsVersion = 11.0;
					};
				};
			};
			buildConfigurationList = 52361FFF24324D4D002AA33D /* Build configuration list for PBXProject "TravelWise" */;
			compatibilityVersion = "Xcode 9.3";
			developmentRegion = en;
			hasScannedForEncodings = 0;
			knownRegions = (
				en,
				Base,
			);
			mainGroup = 52361FFB24324D4D002AA33D;
			productRefGroup = 5236200524324D4E002AA33D /* Products */;
			projectDirPath = "";
			projectRoot = "";
			targets = (
				5236200324324D4E002AA33D /* TravelWise */,
			);
		};
/* End PBXProject section */

/* Begin PBXResourcesBuildPhase section */
		5236200224324D4E002AA33D /* Resources */ = {
			isa = PBXResourcesBuildPhase;
			buildActionMask = 2147483647;
			files = (
				52F7B7F1243E276A0067A980 /* LaunchScreen.xib in Resources */,
				5236201124324D4E002AA33D /* Assets.xcassets in Resources */,
			);
			runOnlyForDeploymentPostprocessing = 0;
		};
/* End PBXResourcesBuildPhase section */

/* Begin PBXShellScriptBuildPhase section */
		06AD2CE06701BB98C28EADF1 /* [CP] Check Pods Manifest.lock */ = {
			isa = PBXShellScriptBuildPhase;
			buildActionMask = 2147483647;
			files = (
			);
			inputFileListPaths = (
			);
			inputPaths = (
				"${PODS_PODFILE_DIR_PATH}/Podfile.lock",
				"${PODS_ROOT}/Manifest.lock",
			);
			name = "[CP] Check Pods Manifest.lock";
			outputFileListPaths = (
			);
			outputPaths = (
				"$(DERIVED_FILE_DIR)/Pods-TravelWise-checkManifestLockResult.txt",
			);
			runOnlyForDeploymentPostprocessing = 0;
			shellPath = /bin/sh;
			shellScript = "diff \"${PODS_PODFILE_DIR_PATH}/Podfile.lock\" \"${PODS_ROOT}/Manifest.lock\" > /dev/null\nif [ $? != 0 ] ; then\n    # print error to STDERR\n    echo \"error: The sandbox is not in sync with the Podfile.lock. Run 'pod install' or update your CocoaPods installation.\" >&2\n    exit 1\nfi\n# This output is used by Xcode 'outputs' to avoid re-running this script phase.\necho \"SUCCESS\" > \"${SCRIPT_OUTPUT_FILE_0}\"\n";
			showEnvVarsInLog = 0;
		};
		7B29D4BFFF9EDCCE7C9AD224 /* [CP] Embed Pods Frameworks */ = {
			isa = PBXShellScriptBuildPhase;
			buildActionMask = 2147483647;
			files = (
			);
			inputFileListPaths = (
				"${PODS_ROOT}/Target Support Files/Pods-TravelWise/Pods-TravelWise-frameworks-${CONFIGURATION}-input-files.xcfilelist",
			);
			name = "[CP] Embed Pods Frameworks";
			outputFileListPaths = (
				"${PODS_ROOT}/Target Support Files/Pods-TravelWise/Pods-TravelWise-frameworks-${CONFIGURATION}-output-files.xcfilelist",
			);
			runOnlyForDeploymentPostprocessing = 0;
			shellPath = /bin/sh;
			shellScript = "\"${PODS_ROOT}/Target Support Files/Pods-TravelWise/Pods-TravelWise-frameworks.sh\"\n";
			showEnvVarsInLog = 0;
		};
/* End PBXShellScriptBuildPhase section */

/* Begin PBXSourcesBuildPhase section */
		5236200024324D4E002AA33D /* Sources */ = {
			isa = PBXSourcesBuildPhase;
			buildActionMask = 2147483647;
			files = (
				52F7B7F3243E2BCE0067A980 /* UISceenDelegate.swift in Sources */,
				52F7B7D3243DFBC30067A980 /* World.swift in Sources */,
				52F7B7E7243E066C0067A980 /* Flow.swift in Sources */,
				52F7B7B0243DE4630067A980 /* Endpoint.swift in Sources */,
				5236202E24327046002AA33D /* CampsFlowController.swift in Sources */,
				52F7B7AA243DE3DA0067A980 /* Networking.swift in Sources */,
				52F7B7AE243DE41D0067A980 /* CustomDecoder.swift in Sources */,
				52F7B7D0243DEE220067A980 /* AppError.swift in Sources */,
				52F7B7CA243DEAD90067A980 /* TypeCompose.swift in Sources */,
				52F7B7B2243DE6550067A980 /* Environment.swift in Sources */,
				52F7B7D8243DFE020067A980 /* CampsDataSource.swift in Sources */,
				52F7B7C1243DEA410067A980 /* Keychain+Rx.swift in Sources */,
				52F7B7CD243DED480067A980 /* Log.swift in Sources */,
				52F7B7D5243DFD070067A980 /* NetworkingError.swift in Sources */,
				52F7B7E5243E06530067A980 /* UINavigationController+Flow.swift in Sources */,
				52F7B7C4243DEA8A0067A980 /* Compose.swift in Sources */,
				5236200824324D4E002AA33D /* AppDelegate.swift in Sources */,
				5236203224327071002AA33D /* CampsBuilder.swift in Sources */,
				52F7B7C6243DEAA70067A980 /* ForwardPipe.swift in Sources */,
				52F7B7A7243CDCC20067A980 /* BaseViewController.swift in Sources */,
				5236202C2432702D002AA33D /* CampsViewController.swift in Sources */,
				52F7B7BF243DE9F40067A980 /* Keychain.swift in Sources */,
				52F7B7BA243DE7C80067A980 /* URL.swift in Sources */,
				52F7B7E3243E062F0067A980 /* UIViewController+Flow.swift in Sources */,
				52F7B7DC243DFF130067A980 /* Camp.swift in Sources */,
				5236203024327062002AA33D /* CampsViewModel.swift in Sources */,
				52F7B7AC243DE3FC0067A980 /* Resource.swift in Sources */,
				5236202524325243002AA33D /* AppFlowController.swift in Sources */,
				52F7B7B5243DE6950067A980 /* Bundle+Plist.swift in Sources */,
				52F7B7E0243E00C70067A980 /* View.swift in Sources */,
				52F7B7B8243DE79C0067A980 /* URLRequest.swift in Sources */,
				5236202A24326ED4002AA33D /* Builder.swift in Sources */,
				52F7B7C8243DEAC70067A980 /* Swift+FunctionalOperators.swift in Sources */,
			);
			runOnlyForDeploymentPostprocessing = 0;
		};
/* End PBXSourcesBuildPhase section */

/* Begin XCBuildConfiguration section */
		5236201624324D4E002AA33D /* Debug */ = {
			isa = XCBuildConfiguration;
			buildSettings = {
				ALWAYS_SEARCH_USER_PATHS = NO;
				CLANG_ANALYZER_NONNULL = YES;
				CLANG_ANALYZER_NUMBER_OBJECT_CONVERSION = YES_AGGRESSIVE;
				CLANG_CXX_LANGUAGE_STANDARD = "gnu++14";
				CLANG_CXX_LIBRARY = "libc++";
				CLANG_ENABLE_MODULES = YES;
				CLANG_ENABLE_OBJC_ARC = YES;
				CLANG_ENABLE_OBJC_WEAK = YES;
				CLANG_WARN_BLOCK_CAPTURE_AUTORELEASING = YES;
				CLANG_WARN_BOOL_CONVERSION = YES;
				CLANG_WARN_COMMA = YES;
				CLANG_WARN_CONSTANT_CONVERSION = YES;
				CLANG_WARN_DEPRECATED_OBJC_IMPLEMENTATIONS = YES;
				CLANG_WARN_DIRECT_OBJC_ISA_USAGE = YES_ERROR;
				CLANG_WARN_DOCUMENTATION_COMMENTS = YES;
				CLANG_WARN_EMPTY_BODY = YES;
				CLANG_WARN_ENUM_CONVERSION = YES;
				CLANG_WARN_INFINITE_RECURSION = YES;
				CLANG_WARN_INT_CONVERSION = YES;
				CLANG_WARN_NON_LITERAL_NULL_CONVERSION = YES;
				CLANG_WARN_OBJC_IMPLICIT_RETAIN_SELF = YES;
				CLANG_WARN_OBJC_LITERAL_CONVERSION = YES;
				CLANG_WARN_OBJC_ROOT_CLASS = YES_ERROR;
				CLANG_WARN_RANGE_LOOP_ANALYSIS = YES;
				CLANG_WARN_STRICT_PROTOTYPES = YES;
				CLANG_WARN_SUSPICIOUS_MOVE = YES;
				CLANG_WARN_UNGUARDED_AVAILABILITY = YES_AGGRESSIVE;
				CLANG_WARN_UNREACHABLE_CODE = YES;
				CLANG_WARN__DUPLICATE_METHOD_MATCH = YES;
				COPY_PHASE_STRIP = NO;
				DEBUG_INFORMATION_FORMAT = dwarf;
				ENABLE_STRICT_OBJC_MSGSEND = YES;
				ENABLE_TESTABILITY = YES;
				GCC_C_LANGUAGE_STANDARD = gnu11;
				GCC_DYNAMIC_NO_PIC = NO;
				GCC_NO_COMMON_BLOCKS = YES;
				GCC_OPTIMIZATION_LEVEL = 0;
				GCC_PREPROCESSOR_DEFINITIONS = (
					"DEBUG=1",
					"$(inherited)",
				);
				GCC_WARN_64_TO_32_BIT_CONVERSION = YES;
				GCC_WARN_ABOUT_RETURN_TYPE = YES_ERROR;
				GCC_WARN_UNDECLARED_SELECTOR = YES;
				GCC_WARN_UNINITIALIZED_AUTOS = YES_AGGRESSIVE;
				GCC_WARN_UNUSED_FUNCTION = YES;
				GCC_WARN_UNUSED_VARIABLE = YES;
				INFOPLIST_FILE = "$(SRCROOT)/TravelWise/SupportingFiles/Info.plist";
				IPHONEOS_DEPLOYMENT_TARGET = 13.0;
				MTL_ENABLE_DEBUG_INFO = INCLUDE_SOURCE;
				MTL_FAST_MATH = YES;
				ONLY_ACTIVE_ARCH = YES;
				SDKROOT = iphoneos;
				SWIFT_ACTIVE_COMPILATION_CONDITIONS = DEBUG;
				SWIFT_OPTIMIZATION_LEVEL = "-Onone";
			};
			name = Debug;
		};
		5236201724324D4E002AA33D /* Release */ = {
			isa = XCBuildConfiguration;
			buildSettings = {
				ALWAYS_SEARCH_USER_PATHS = NO;
				CLANG_ANALYZER_NONNULL = YES;
				CLANG_ANALYZER_NUMBER_OBJECT_CONVERSION = YES_AGGRESSIVE;
				CLANG_CXX_LANGUAGE_STANDARD = "gnu++14";
				CLANG_CXX_LIBRARY = "libc++";
				CLANG_ENABLE_MODULES = YES;
				CLANG_ENABLE_OBJC_ARC = YES;
				CLANG_ENABLE_OBJC_WEAK = YES;
				CLANG_WARN_BLOCK_CAPTURE_AUTORELEASING = YES;
				CLANG_WARN_BOOL_CONVERSION = YES;
				CLANG_WARN_COMMA = YES;
				CLANG_WARN_CONSTANT_CONVERSION = YES;
				CLANG_WARN_DEPRECATED_OBJC_IMPLEMENTATIONS = YES;
				CLANG_WARN_DIRECT_OBJC_ISA_USAGE = YES_ERROR;
				CLANG_WARN_DOCUMENTATION_COMMENTS = YES;
				CLANG_WARN_EMPTY_BODY = YES;
				CLANG_WARN_ENUM_CONVERSION = YES;
				CLANG_WARN_INFINITE_RECURSION = YES;
				CLANG_WARN_INT_CONVERSION = YES;
				CLANG_WARN_NON_LITERAL_NULL_CONVERSION = YES;
				CLANG_WARN_OBJC_IMPLICIT_RETAIN_SELF = YES;
				CLANG_WARN_OBJC_LITERAL_CONVERSION = YES;
				CLANG_WARN_OBJC_ROOT_CLASS = YES_ERROR;
				CLANG_WARN_RANGE_LOOP_ANALYSIS = YES;
				CLANG_WARN_STRICT_PROTOTYPES = YES;
				CLANG_WARN_SUSPICIOUS_MOVE = YES;
				CLANG_WARN_UNGUARDED_AVAILABILITY = YES_AGGRESSIVE;
				CLANG_WARN_UNREACHABLE_CODE = YES;
				CLANG_WARN__DUPLICATE_METHOD_MATCH = YES;
				COPY_PHASE_STRIP = NO;
				DEBUG_INFORMATION_FORMAT = "dwarf-with-dsym";
				ENABLE_NS_ASSERTIONS = NO;
				ENABLE_STRICT_OBJC_MSGSEND = YES;
				GCC_C_LANGUAGE_STANDARD = gnu11;
				GCC_NO_COMMON_BLOCKS = YES;
				GCC_WARN_64_TO_32_BIT_CONVERSION = YES;
				GCC_WARN_ABOUT_RETURN_TYPE = YES_ERROR;
				GCC_WARN_UNDECLARED_SELECTOR = YES;
				GCC_WARN_UNINITIALIZED_AUTOS = YES_AGGRESSIVE;
				GCC_WARN_UNUSED_FUNCTION = YES;
				GCC_WARN_UNUSED_VARIABLE = YES;
				INFOPLIST_FILE = "$(SRCROOT)/TravelWise/SupportingFiles/Info.plist";
				IPHONEOS_DEPLOYMENT_TARGET = 13.0;
				MTL_ENABLE_DEBUG_INFO = NO;
				MTL_FAST_MATH = YES;
				SDKROOT = iphoneos;
				SWIFT_COMPILATION_MODE = wholemodule;
				SWIFT_OPTIMIZATION_LEVEL = "-O";
				VALIDATE_PRODUCT = YES;
			};
			name = Release;
		};
		5236201924324D4E002AA33D /* Debug */ = {
			isa = XCBuildConfiguration;
			baseConfigurationReference = 33DE50194469471210D1E245 /* Pods-TravelWise.debug.xcconfig */;
			buildSettings = {
				ASSETCATALOG_COMPILER_APPICON_NAME = AppIcon;
				CODE_SIGN_STYLE = Automatic;
				INFOPLIST_FILE = "$(SRCROOT)/TravelWise/SupportingFiles/Info.plist";
				LD_RUNPATH_SEARCH_PATHS = (
					"$(inherited)",
					"@executable_path/Frameworks",
				);
				PRODUCT_BUNDLE_IDENTIFIER = makeItMobile.TravelWise;
				PRODUCT_NAME = "$(TARGET_NAME)";
				SWIFT_VERSION = 5.0;
				TARGETED_DEVICE_FAMILY = "1,2";
			};
			name = Debug;
		};
		5236201A24324D4E002AA33D /* Release */ = {
			isa = XCBuildConfiguration;
			baseConfigurationReference = 4F24BE1CC639E6ACBF1E8DAD /* Pods-TravelWise.release.xcconfig */;
			buildSettings = {
				ASSETCATALOG_COMPILER_APPICON_NAME = AppIcon;
				CODE_SIGN_STYLE = Automatic;
				INFOPLIST_FILE = "$(SRCROOT)/TravelWise/SupportingFiles/Info.plist";
				LD_RUNPATH_SEARCH_PATHS = (
					"$(inherited)",
					"@executable_path/Frameworks",
				);
				PRODUCT_BUNDLE_IDENTIFIER = makeItMobile.TravelWise;
				PRODUCT_NAME = "$(TARGET_NAME)";
				SWIFT_VERSION = 5.0;
				TARGETED_DEVICE_FAMILY = "1,2";
			};
			name = Release;
		};
/* End XCBuildConfiguration section */

/* Begin XCConfigurationList section */
		52361FFF24324D4D002AA33D /* Build configuration list for PBXProject "TravelWise" */ = {
			isa = XCConfigurationList;
			buildConfigurations = (
				5236201624324D4E002AA33D /* Debug */,
				5236201724324D4E002AA33D /* Release */,
			);
			defaultConfigurationIsVisible = 0;
			defaultConfigurationName = Release;
		};
		5236201824324D4E002AA33D /* Build configuration list for PBXNativeTarget "TravelWise" */ = {
			isa = XCConfigurationList;
			buildConfigurations = (
				5236201924324D4E002AA33D /* Debug */,
				5236201A24324D4E002AA33D /* Release */,
			);
			defaultConfigurationIsVisible = 0;
			defaultConfigurationName = Release;
		};
/* End XCConfigurationList section */
	};
	rootObject = 52361FFC24324D4D002AA33D /* Project object */;
}
